<?xml version="1.0" encoding="utf-8"?>
<Project ToolsVersion="4.0" xmlns="http://schemas.microsoft.com/developer/msbuild/2003">
  <ItemGroup>
    <Filter Include="Network">
      <UniqueIdentifier>{48b582ef-7cb6-4946-9377-025058f1efd2}</UniqueIdentifier>
    </Filter>
    <Filter Include="Main">
      <UniqueIdentifier>{4FC737F1-C7A5-4376-A066-2A32D752A2FF}</UniqueIdentifier>
      <Extensions>cpp;c;cc;cxx;c++;cppm;ixx;def;odl;idl;hpj;bat;asm;asmx</Extensions>
    </Filter>
    <Filter Include="Game">
      <UniqueIdentifier>{1798a659-543d-4f3a-b373-a567a44711c9}</UniqueIdentifier>
    </Filter>
    <Filter Include="Common">
      <UniqueIdentifier>{4935f207-0c75-4fbb-9305-24eabfaef719}</UniqueIdentifier>
    </Filter>
    <Filter Include="Lua">
      <UniqueIdentifier>{02b4bdb6-f635-4d50-893e-5f6314333219}</UniqueIdentifier>
    </Filter>
  </ItemGroup>
  <ItemGroup>
    <ClCompile Include="Network\RingBuffer.cpp">
      <Filter>Network</Filter>
    </ClCompile>
    <ClCompile Include="Network\Session.cpp">
      <Filter>Network</Filter>
    </ClCompile>
    <ClCompile Include="Network\IOCPServer.cpp">
      <Filter>Network</Filter>
    </ClCompile>
    <ClCompile Include="Network\PacketHandler.cpp">
      <Filter>Network</Filter>
    </ClCompile>
    <ClCompile Include="main.cpp">
      <Filter>Main</Filter>
    </ClCompile>
    <ClCompile Include="Game\SectorManager.cpp">
      <Filter>Game</Filter>
    </ClCompile>
    <ClCompile Include="Game\Player.cpp">
      <Filter>Game</Filter>
    </ClCompile>
    <ClCompile Include="Game\GameWorld.cpp">
      <Filter>Game</Filter>
    </ClCompile>
    <ClCompile Include="Game\ViewProcessor.cpp">
      <Filter>Game</Filter>
    </ClCompile>
    <ClCompile Include="..\Common\Map.cpp">
      <Filter>Common</Filter>
    </ClCompile>
    <ClCompile Include="Game\Monster.cpp">
      <Filter>Game</Filter>
    </ClCompile>
    <ClCompile Include="Lua\LuaManager.cpp">
      <Filter>Lua</Filter>
    </ClCompile>
    <ClCompile Include="Game\Pathfinder.cpp">
      <Filter>Game</Filter>
    </ClCompile>
  </ItemGroup>
  <ItemGroup>
    <ClInclude Include="Network\RingBuffer.h">
      <Filter>Network</Filter>
    </ClInclude>
    <ClInclude Include="Network\NetworkTypes.h">
      <Filter>Network</Filter>
    </ClInclude>
    <ClInclude Include="Network\Session.h">
      <Filter>Network</Filter>
    </ClInclude>
    <ClInclude Include="Network\IOCPServer.h">
      <Filter>Network</Filter>
    </ClInclude>
    <ClInclude Include="Network\PacketHandler.h">
      <Filter>Network</Filter>
    </ClInclude>
    <ClInclude Include="Game\Sector.h">
      <Filter>Game</Filter>
    </ClInclude>
    <ClInclude Include="Game\SectorManager.h">
      <Filter>Game</Filter>
    </ClInclude>
    <ClInclude Include="Game\GameObject.h">
      <Filter>Game</Filter>
    </ClInclude>
    <ClInclude Include="Game\Player.h">
      <Filter>Game</Filter>
    </ClInclude>
    <ClInclude Include="Game\GameWorld.h">
      <Filter>Game</Filter>
    </ClInclude>
    <ClInclude Include="Game\ViewProcessor.h">
      <Filter>Game</Filter>
    </ClInclude>
    <ClInclude Include="..\Common\Constants.h">
      <Filter>Common</Filter>
    </ClInclude>
    <ClInclude Include="..\Common\Map.h">
      <Filter>Common</Filter>
    </ClInclude>
    <ClInclude Include="..\Common\Protocol.h">
      <Filter>Common</Filter>
    </ClInclude>
    <ClInclude Include="..\Common\Types.h">
      <Filter>Common</Filter>
    </ClInclude>
    <ClInclude Include="Game\Monster.h">
      <Filter>Game</Filter>
    </ClInclude>
    <ClInclude Include="Lua\LuaManager.h">
      <Filter>Lua</Filter>
    </ClInclude>
    <ClInclude Include="Game\Pathfinder.h">
      <Filter>Game</Filter>
    </ClInclude>
  </ItemGroup>
</Project>