<?xml version="1.0" encoding="utf-8"?>
<Project ToolsVersion="4.0" xmlns="http://schemas.microsoft.com/developer/msbuild/2003">
  <ItemGroup>
    <Filter Include="Client">
      <UniqueIdentifier>{4FC737F1-C7A5-4376-A066-2A32D752A2FF}</UniqueIdentifier>
      <Extensions>cpp;c;cc;cxx;c++;cppm;ixx;def;odl;idl;hpj;bat;asm;asmx</Extensions>
    </Filter>
    <Filter Include="Common">
      <UniqueIdentifier>{b7bc1f11-f632-4d84-8c07-1404a750c6c2}</UniqueIdentifier>
    </Filter>
  </ItemGroup>
  <ItemGroup>
    <ClCompile Include="RingBuffer.cpp">
      <Filter>Client</Filter>
    </ClCompile>
    <ClCompile Include="NetworkClient.cpp">
      <Filter>Client</Filter>
    </ClCompile>
    <ClCompile Include="main.cpp">
      <Filter>Client</Filter>
    </ClCompile>
    <ClCompile Include="GameState.cpp">
      <Filter>Client</Filter>
    </ClCompile>
    <ClCompile Include="Renderer.cpp">
      <Filter>Client</Filter>
    </ClCompile>
    <ClCompile Include="InputHandler.cpp">
      <Filter>Client</Filter>
    </ClCompile>
    <ClCompile Include="..\Common\Map.cpp">
      <Filter>Common</Filter>
    </ClCompile>
  </ItemGroup>
  <ItemGroup>
    <ClInclude Include="RingBuffer.h">
      <Filter>Client</Filter>
    </ClInclude>
    <ClInclude Include="NetworkClient.h">
      <Filter>Client</Filter>
    </ClInclude>
    <ClInclude Include="Logger.h">
      <Filter>Client</Filter>
    </ClInclude>
    <ClInclude Include="GameState.h">
      <Filter>Client</Filter>
    </ClInclude>
    <ClInclude Include="Renderer.h">
      <Filter>Client</Filter>
    </ClInclude>
    <ClInclude Include="InputHandler.h">
      <Filter>Client</Filter>
    </ClInclude>
    <ClInclude Include="..\Common\Constants.h">
      <Filter>Common</Filter>
    </ClInclude>
    <ClInclude Include="..\Common\Map.h">
      <Filter>Common</Filter>
    </ClInclude>
    <ClInclude Include="..\Common\Protocol.h">
      <Filter>Common</Filter>
    </ClInclude>
    <ClInclude Include="..\Common\Types.h">
      <Filter>Common</Filter>
    </ClInclude>
  </ItemGroup>
</Project>